{
  "name": "omnifactory_crafting_calc",
  "lockfileVersion": 3,
  "requires": true,
  "packages": {
    "": {
      "dependencies": {
        "react": "19.0.0-rc-b57d2823-20240822",
        "react-dom": "19.0.0-rc-b57d2823-20240822"
      }
    },
    "node_modules/react": {
      "version": "19.0.0-rc-b57d2823-20240822",
      "resolved": "https://registry.npmjs.org/react/-/react-19.0.0-rc-b57d2823-20240822.tgz",
      "integrity": "sha512-SI/vK7ym+yDyJ58/g4sE1F+dUI1g2uEVJUODaLCMgDdGBgEyjjohrdQYDnKfoSCraEMO/Pgoj9QIbagJ8ma0vw==",
      "engines": {
        "node": ">=0.10.0"
      }
    },
    "node_modules/react-dom": {
      "version": "19.0.0-rc-b57d2823-20240822",
      "resolved": "https://registry.npmjs.org/react-dom/-/react-dom-19.0.0-rc-b57d2823-20240822.tgz",
      "integrity": "sha512-WZbYsxoOD/aUZyeTIN2J7hJmbVvdZoAaneyGuO/5BILH8gy0dsXlrwj/IB1Ji/HyrxA/QBfBRg/9w2TNjw8RfA==",
      "dependencies": {
        "scheduler": "0.25.0-rc-b57d2823-20240822"
      },
      "peerDependencies": {
        "react": "19.0.0-rc-b57d2823-20240822"
      }
    },
    "node_modules/scheduler": {
      "version": "0.25.0-rc-b57d2823-20240822",
      "resolved": "https://registry.npmjs.org/scheduler/-/scheduler-0.25.0-rc-b57d2823-20240822.tgz",
      "integrity": "sha512-sTgNaWduDaKMwu5wCllFKDqqqeO0GA7XdwUmuYqrlDStdgQpWJHBVW42JCw5b9CWApUP2v/YOb0CDAEzf0fxew=="
    }
  }
}
